
Microsoft Visual Studio Solution File, Format Version 12.00
# Visual Studio 2013
VisualStudioVersion = 12.0.31101.0
MinimumVisualStudioVersion = 10.0.40219.1
Project("{FAE04EC0-301F-11D3-BF4B-00C04F79EFBC}") = "MVCModelExample", "MVCModelExample\MVCModelExample.csproj", "{CC48C78D-53CF-4DEB-8A61-90EBB5EEC68A}"
EndProject
Global
	GlobalSection(SolutionConfigurationPlatforms) = preSolution
		Debug|Any CPU = Debug|Any CPU
		Release|Any CPU = Release|Any CPU
	EndGlobalSection
	GlobalSection(ProjectConfigurationPlatforms) = postSolution
		{CC48C78D-53CF-4DEB-8A61-90EBB5EEC68A}.Debug|Any CPU.ActiveCfg = Debug|Any CPU
		{CC48C78D-53CF-4DEB-8A61-90EBB5EEC68A}.Debug|Any CPU.Build.0 = Debug|Any CPU
		{CC48C78D-53CF-4DEB-8A61-90EBB5EEC68A}.Release|Any CPU.ActiveCfg = Release|Any CPU
		{CC48C78D-53CF-4DEB-8A61-90EBB5EEC68A}.Release|Any CPU.Build.0 = Release|Any CPU
	EndGlobalSection
	GlobalSection(SolutionProperties) = preSolution
		HideSolutionNode = FALSE
	EndGlobalSection
EndGlobal
